{
  "name": "random-book-generator",
  "version": "1.0.0",
  "lockfileVersion": 1,
  "requires": true,
  "dependencies": {
    "bootstrap": {
      "version": "https://registry.npmjs.org/bootstrap/-/bootstrap-3.3.7.tgz",
      "integrity": "sha1-WjiTlFSfIzMIdaOxUGVldPip63E="
    },
    "jquery": {
      "version": "3.2.1",
      "resolved": "https://registry.npmjs.org/jquery/-/jquery-3.2.1.tgz",
      "integrity": "sha1-XE2d5lKvbNCncBVKYxu6ErAVx4c="
    },
    "underscore": {
      "version": "https://registry.npmjs.org/underscore/-/underscore-1.8.3.tgz",
      "integrity": "sha1-Tz+1OxBuYJf8+ctBCfKl6b36UCI="
    },
    "whatwg-fetch": {
      "version": "https://registry.npmjs.org/whatwg-fetch/-/whatwg-fetch-2.0.3.tgz",
      "integrity": "sha1-nITsLc9oGH/wC8ZOEnS0QhduHIQ="
    }
  }
}
